
Microsoft Visual Studio Solution File, Format Version 12.00
# Visual Studio Version 17
VisualStudioVersion = 17.8.34330.188
MinimumVisualStudioVersion = 10.0.40219.1
Project("{FAE04EC0-301F-11D3-BF4B-00C04F79EFBC}") = "API", "API.csproj", "{C367431C-EC42-43CA-8F17-F89250338124}"
EndProject
Global
	GlobalSection(SolutionConfigurationPlatforms) = preSolution
		Debug|Any CPU = Debug|Any CPU
		Release|Any CPU = Release|Any CPU
	EndGlobalSection
	GlobalSection(ProjectConfigurationPlatforms) = postSolution
		{C367431C-EC42-43CA-8F17-F89250338124}.Debug|Any CPU.ActiveCfg = Debug|Any CPU
		{C367431C-EC42-43CA-8F17-F89250338124}.Debug|Any CPU.Build.0 = Debug|Any CPU
		{C367431C-EC42-43CA-8F17-F89250338124}.Release|Any CPU.ActiveCfg = Release|Any CPU
		{C367431C-EC42-43CA-8F17-F89250338124}.Release|Any CPU.Build.0 = Release|Any CPU
	EndGlobalSection
	GlobalSection(SolutionProperties) = preSolution
		HideSolutionNode = FALSE
	EndGlobalSection
	GlobalSection(ExtensibilityGlobals) = postSolution
		SolutionGuid = {C026F6BC-2599-4820-8491-81532E904908}
	EndGlobalSection
EndGlobal
